
Microsoft Visual Studio Solution File, Format Version 12.00
# Visual Studio Version 17
VisualStudioVersion = 17.10.35013.160
MinimumVisualStudioVersion = 10.0.40219.1
Project("{FAE04EC0-301F-11D3-BF4B-00C04F79EFBC}") = "SSIRewritten", "SSIRewritten.csproj", "{0AE90B7F-45AE-4598-BF07-1DC9087B617F}"
EndProject
Global
	GlobalSection(SolutionConfigurationPlatforms) = preSolution
		Debug|Any CPU = Debug|Any CPU
		Release|Any CPU = Release|Any CPU
	EndGlobalSection
	GlobalSection(ProjectConfigurationPlatforms) = postSolution
		{0AE90B7F-45AE-4598-BF07-1DC9087B617F}.Debug|Any CPU.ActiveCfg = Debug|Any CPU
		{0AE90B7F-45AE-4598-BF07-1DC9087B617F}.Debug|Any CPU.Build.0 = Debug|Any CPU
		{0AE90B7F-45AE-4598-BF07-1DC9087B617F}.Release|Any CPU.ActiveCfg = Release|Any CPU
		{0AE90B7F-45AE-4598-BF07-1DC9087B617F}.Release|Any CPU.Build.0 = Release|Any CPU
	EndGlobalSection
	GlobalSection(SolutionProperties) = preSolution
		HideSolutionNode = FALSE
	EndGlobalSection
	GlobalSection(ExtensibilityGlobals) = postSolution
		SolutionGuid = {F96B058B-8AF1-480B-B0FA-0E83E303D332}
	EndGlobalSection
EndGlobal
